
Microsoft Visual Studio Solution File, Format Version 12.00
# Visual Studio Version 17
VisualStudioVersion = 17.3.32901.215
MinimumVisualStudioVersion = 10.0.40219.1
Project("{FAE04EC0-301F-11D3-BF4B-00C04F79EFBC}") = "PokemonReviewApp", "PokemonReviewApp\PokemonReviewApp.csproj", "{5F257904-1141-4491-A56B-1C34E5E995FB}"
EndProject
Global
	GlobalSection(SolutionConfigurationPlatforms) = preSolution
		Debug|Any CPU = Debug|Any CPU
		Release|Any CPU = Release|Any CPU
	EndGlobalSection
	GlobalSection(ProjectConfigurationPlatforms) = postSolution
		{5F257904-1141-4491-A56B-1C34E5E995FB}.Debug|Any CPU.ActiveCfg = Debug|Any CPU
		{5F257904-1141-4491-A56B-1C34E5E995FB}.Debug|Any CPU.Build.0 = Debug|Any CPU
		{5F257904-1141-4491-A56B-1C34E5E995FB}.Release|Any CPU.ActiveCfg = Release|Any CPU
		{5F257904-1141-4491-A56B-1C34E5E995FB}.Release|Any CPU.Build.0 = Release|Any CPU
	EndGlobalSection
	GlobalSection(SolutionProperties) = preSolution
		HideSolutionNode = FALSE
	EndGlobalSection
	GlobalSection(ExtensibilityGlobals) = postSolution
		SolutionGuid = {B19C8979-EA45-4DF2-A9E6-CCD33953DDAB}
	EndGlobalSection
EndGlobal
